
Microsoft Visual Studio Solution File, Format Version 12.00
# Visual Studio Version 16
VisualStudioVersion = 16.0.30320.27
MinimumVisualStudioVersion = 10.0.40219.1
Project("{FAE04EC0-301F-11D3-BF4B-00C04F79EFBC}") = "WebApiExample", "WebApiExample\WebApiExample.csproj", "{1E4ACB0F-381A-45E1-953C-C6C122BBEB88}"
EndProject
Project("{FAE04EC0-301F-11D3-BF4B-00C04F79EFBC}") = "Api", "Api\Api.csproj", "{9F680EEA-B2CE-4B10-BE9A-CFDCDCD5BF1B}"
EndProject
Global
	GlobalSection(SolutionConfigurationPlatforms) = preSolution
		Debug|Any CPU = Debug|Any CPU
		Release|Any CPU = Release|Any CPU
	EndGlobalSection
	GlobalSection(ProjectConfigurationPlatforms) = postSolution
		{1E4ACB0F-381A-45E1-953C-C6C122BBEB88}.Debug|Any CPU.ActiveCfg = Debug|Any CPU
		{1E4ACB0F-381A-45E1-953C-C6C122BBEB88}.Debug|Any CPU.Build.0 = Debug|Any CPU
		{1E4ACB0F-381A-45E1-953C-C6C122BBEB88}.Release|Any CPU.ActiveCfg = Release|Any CPU
		{1E4ACB0F-381A-45E1-953C-C6C122BBEB88}.Release|Any CPU.Build.0 = Release|Any CPU
		{9F680EEA-B2CE-4B10-BE9A-CFDCDCD5BF1B}.Debug|Any CPU.ActiveCfg = Debug|Any CPU
		{9F680EEA-B2CE-4B10-BE9A-CFDCDCD5BF1B}.Debug|Any CPU.Build.0 = Debug|Any CPU
		{9F680EEA-B2CE-4B10-BE9A-CFDCDCD5BF1B}.Release|Any CPU.ActiveCfg = Release|Any CPU
		{9F680EEA-B2CE-4B10-BE9A-CFDCDCD5BF1B}.Release|Any CPU.Build.0 = Release|Any CPU
	EndGlobalSection
	GlobalSection(SolutionProperties) = preSolution
		HideSolutionNode = FALSE
	EndGlobalSection
	GlobalSection(ExtensibilityGlobals) = postSolution
		SolutionGuid = {8F2CE4A4-8C62-4CBF-89AB-3A125AB81909}
	EndGlobalSection
EndGlobal
